
Microsoft Visual Studio Solution File, Format Version 12.00
# Visual Studio Version 16
VisualStudioVersion = 16.0.30804.86
MinimumVisualStudioVersion = 10.0.40219.1
Project("{FAE04EC0-301F-11D3-BF4B-00C04F79EFBC}") = "KullanıcıKayıtFormu2", "KullanıcıKayıtFormu2\KullanıcıKayıtFormu2.csproj", "{B3B8B379-F16A-4A60-B470-5BCA2C5A5201}"
EndProject
Global
	GlobalSection(SolutionConfigurationPlatforms) = preSolution
		Debug|Any CPU = Debug|Any CPU
		Release|Any CPU = Release|Any CPU
	EndGlobalSection
	GlobalSection(ProjectConfigurationPlatforms) = postSolution
		{B3B8B379-F16A-4A60-B470-5BCA2C5A5201}.Debug|Any CPU.ActiveCfg = Debug|Any CPU
		{B3B8B379-F16A-4A60-B470-5BCA2C5A5201}.Debug|Any CPU.Build.0 = Debug|Any CPU
		{B3B8B379-F16A-4A60-B470-5BCA2C5A5201}.Release|Any CPU.ActiveCfg = Release|Any CPU
		{B3B8B379-F16A-4A60-B470-5BCA2C5A5201}.Release|Any CPU.Build.0 = Release|Any CPU
	EndGlobalSection
	GlobalSection(SolutionProperties) = preSolution
		HideSolutionNode = FALSE
	EndGlobalSection
	GlobalSection(ExtensibilityGlobals) = postSolution
		SolutionGuid = {B74B6CD4-06A3-469A-AC8F-92A2FB9D7961}
	EndGlobalSection
EndGlobal
